
Microsoft Visual Studio Solution File, Format Version 12.00
# Visual Studio 2012
Project("{FAE04EC0-301F-11D3-BF4B-00C04F79EFBC}") = "HeapDemo", "HeapDemo\HeapDemo.csproj", "{19BA206C-5EEC-4154-B349-1BF7BC9A4BFB}"
EndProject
Global
	GlobalSection(SolutionConfigurationPlatforms) = preSolution
		Debug|Any CPU = Debug|Any CPU
		Release|Any CPU = Release|Any CPU
	EndGlobalSection
	GlobalSection(ProjectConfigurationPlatforms) = postSolution
		{19BA206C-5EEC-4154-B349-1BF7BC9A4BFB}.Debug|Any CPU.ActiveCfg = Debug|Any CPU
		{19BA206C-5EEC-4154-B349-1BF7BC9A4BFB}.Debug|Any CPU.Build.0 = Debug|Any CPU
		{19BA206C-5EEC-4154-B349-1BF7BC9A4BFB}.Release|Any CPU.ActiveCfg = Release|Any CPU
		{19BA206C-5EEC-4154-B349-1BF7BC9A4BFB}.Release|Any CPU.Build.0 = Release|Any CPU
	EndGlobalSection
	GlobalSection(SolutionProperties) = preSolution
		HideSolutionNode = FALSE
	EndGlobalSection
EndGlobal
