
Microsoft Visual Studio Solution File, Format Version 12.00
# Visual Studio 2012
Project("{FAE04EC0-301F-11D3-BF4B-00C04F79EFBC}") = "Recursion", "Recursion\Recursion.csproj", "{BDD45D82-13A9-4566-82C2-715004AD9E1E}"
EndProject
Global
	GlobalSection(SolutionConfigurationPlatforms) = preSolution
		Debug|Any CPU = Debug|Any CPU
		Release|Any CPU = Release|Any CPU
	EndGlobalSection
	GlobalSection(ProjectConfigurationPlatforms) = postSolution
		{BDD45D82-13A9-4566-82C2-715004AD9E1E}.Debug|Any CPU.ActiveCfg = Debug|Any CPU
		{BDD45D82-13A9-4566-82C2-715004AD9E1E}.Debug|Any CPU.Build.0 = Debug|Any CPU
		{BDD45D82-13A9-4566-82C2-715004AD9E1E}.Release|Any CPU.ActiveCfg = Release|Any CPU
		{BDD45D82-13A9-4566-82C2-715004AD9E1E}.Release|Any CPU.Build.0 = Release|Any CPU
	EndGlobalSection
	GlobalSection(SolutionProperties) = preSolution
		HideSolutionNode = FALSE
	EndGlobalSection
EndGlobal
