
Microsoft Visual Studio Solution File, Format Version 12.00
# Visual Studio 2012
Project("{FAE04EC0-301F-11D3-BF4B-00C04F79EFBC}") = "Factorial", "Factorial\Factorial.csproj", "{3F4091FA-05F2-4639-9A07-D2879EC33851}"
EndProject
Global
	GlobalSection(SolutionConfigurationPlatforms) = preSolution
		Debug|Any CPU = Debug|Any CPU
		Release|Any CPU = Release|Any CPU
	EndGlobalSection
	GlobalSection(ProjectConfigurationPlatforms) = postSolution
		{3F4091FA-05F2-4639-9A07-D2879EC33851}.Debug|Any CPU.ActiveCfg = Debug|Any CPU
		{3F4091FA-05F2-4639-9A07-D2879EC33851}.Debug|Any CPU.Build.0 = Debug|Any CPU
		{3F4091FA-05F2-4639-9A07-D2879EC33851}.Release|Any CPU.ActiveCfg = Release|Any CPU
		{3F4091FA-05F2-4639-9A07-D2879EC33851}.Release|Any CPU.Build.0 = Release|Any CPU
	EndGlobalSection
	GlobalSection(SolutionProperties) = preSolution
		HideSolutionNode = FALSE
	EndGlobalSection
EndGlobal
