
Microsoft Visual Studio Solution File, Format Version 12.00
# Visual Studio 2012
Project("{FAE04EC0-301F-11D3-BF4B-00C04F79EFBC}") = "PriorityQue", "PriorityQue\PriorityQue.csproj", "{253AD7D2-1084-4001-8488-CDB3F49017CA}"
EndProject
Global
	GlobalSection(SolutionConfigurationPlatforms) = preSolution
		Debug|Any CPU = Debug|Any CPU
		Release|Any CPU = Release|Any CPU
	EndGlobalSection
	GlobalSection(ProjectConfigurationPlatforms) = postSolution
		{253AD7D2-1084-4001-8488-CDB3F49017CA}.Debug|Any CPU.ActiveCfg = Debug|Any CPU
		{253AD7D2-1084-4001-8488-CDB3F49017CA}.Debug|Any CPU.Build.0 = Debug|Any CPU
		{253AD7D2-1084-4001-8488-CDB3F49017CA}.Release|Any CPU.ActiveCfg = Release|Any CPU
		{253AD7D2-1084-4001-8488-CDB3F49017CA}.Release|Any CPU.Build.0 = Release|Any CPU
	EndGlobalSection
	GlobalSection(SolutionProperties) = preSolution
		HideSolutionNode = FALSE
	EndGlobalSection
EndGlobal
