
Microsoft Visual Studio Solution File, Format Version 12.00
# Visual Studio 2012
Project("{FAE04EC0-301F-11D3-BF4B-00C04F79EFBC}") = "swap", "swap\swap.csproj", "{F92288FB-4797-4C9A-A7D6-82FEE600DFDE}"
EndProject
Global
	GlobalSection(SolutionConfigurationPlatforms) = preSolution
		Debug|Any CPU = Debug|Any CPU
		Release|Any CPU = Release|Any CPU
	EndGlobalSection
	GlobalSection(ProjectConfigurationPlatforms) = postSolution
		{F92288FB-4797-4C9A-A7D6-82FEE600DFDE}.Debug|Any CPU.ActiveCfg = Debug|Any CPU
		{F92288FB-4797-4C9A-A7D6-82FEE600DFDE}.Debug|Any CPU.Build.0 = Debug|Any CPU
		{F92288FB-4797-4C9A-A7D6-82FEE600DFDE}.Release|Any CPU.ActiveCfg = Release|Any CPU
		{F92288FB-4797-4C9A-A7D6-82FEE600DFDE}.Release|Any CPU.Build.0 = Release|Any CPU
	EndGlobalSection
	GlobalSection(SolutionProperties) = preSolution
		HideSolutionNode = FALSE
	EndGlobalSection
EndGlobal
