
Microsoft Visual Studio Solution File, Format Version 12.00
# Visual Studio 2012
Project("{FAE04EC0-301F-11D3-BF4B-00C04F79EFBC}") = "StackX", "StackX\StackX.csproj", "{90468DC1-3B01-4656-863C-F8054D71D35A}"
EndProject
Global
	GlobalSection(SolutionConfigurationPlatforms) = preSolution
		Debug|Any CPU = Debug|Any CPU
		Release|Any CPU = Release|Any CPU
	EndGlobalSection
	GlobalSection(ProjectConfigurationPlatforms) = postSolution
		{90468DC1-3B01-4656-863C-F8054D71D35A}.Debug|Any CPU.ActiveCfg = Debug|Any CPU
		{90468DC1-3B01-4656-863C-F8054D71D35A}.Debug|Any CPU.Build.0 = Debug|Any CPU
		{90468DC1-3B01-4656-863C-F8054D71D35A}.Release|Any CPU.ActiveCfg = Release|Any CPU
		{90468DC1-3B01-4656-863C-F8054D71D35A}.Release|Any CPU.Build.0 = Release|Any CPU
	EndGlobalSection
	GlobalSection(SolutionProperties) = preSolution
		HideSolutionNode = FALSE
	EndGlobalSection
EndGlobal
