
Microsoft Visual Studio Solution File, Format Version 12.00
# Visual Studio 2012
Project("{FAE04EC0-301F-11D3-BF4B-00C04F79EFBC}") = "DelegateAdd", "DelegateAdd\DelegateAdd.csproj", "{CE63DA50-151F-4CCB-90ED-B77DC652B302}"
EndProject
Global
	GlobalSection(SolutionConfigurationPlatforms) = preSolution
		Debug|Any CPU = Debug|Any CPU
		Release|Any CPU = Release|Any CPU
	EndGlobalSection
	GlobalSection(ProjectConfigurationPlatforms) = postSolution
		{CE63DA50-151F-4CCB-90ED-B77DC652B302}.Debug|Any CPU.ActiveCfg = Debug|Any CPU
		{CE63DA50-151F-4CCB-90ED-B77DC652B302}.Debug|Any CPU.Build.0 = Debug|Any CPU
		{CE63DA50-151F-4CCB-90ED-B77DC652B302}.Release|Any CPU.ActiveCfg = Release|Any CPU
		{CE63DA50-151F-4CCB-90ED-B77DC652B302}.Release|Any CPU.Build.0 = Release|Any CPU
	EndGlobalSection
	GlobalSection(SolutionProperties) = preSolution
		HideSolutionNode = FALSE
	EndGlobalSection
EndGlobal
