
Microsoft Visual Studio Solution File, Format Version 12.00
# Visual Studio 2012
Project("{FAE04EC0-301F-11D3-BF4B-00C04F79EFBC}") = "Progress", "Progress\Progress.csproj", "{73974270-D492-4A29-9C7C-62746A34D3AF}"
EndProject
Global
	GlobalSection(SolutionConfigurationPlatforms) = preSolution
		Debug|Any CPU = Debug|Any CPU
		Release|Any CPU = Release|Any CPU
	EndGlobalSection
	GlobalSection(ProjectConfigurationPlatforms) = postSolution
		{73974270-D492-4A29-9C7C-62746A34D3AF}.Debug|Any CPU.ActiveCfg = Debug|Any CPU
		{73974270-D492-4A29-9C7C-62746A34D3AF}.Debug|Any CPU.Build.0 = Debug|Any CPU
		{73974270-D492-4A29-9C7C-62746A34D3AF}.Release|Any CPU.ActiveCfg = Release|Any CPU
		{73974270-D492-4A29-9C7C-62746A34D3AF}.Release|Any CPU.Build.0 = Release|Any CPU
	EndGlobalSection
	GlobalSection(SolutionProperties) = preSolution
		HideSolutionNode = FALSE
	EndGlobalSection
EndGlobal
